
Microsoft Visual Studio Solution File, Format Version 12.00
# Visual Studio Version 17
VisualStudioVersion = 17.0.31912.275
MinimumVisualStudioVersion = 10.0.40219.1
Project("{9A19103F-16F7-4668-BE54-9A1E7A4F7556}") = "TeamBuildingAPI", "TeamBuildingAPI\TeamBuildingAPI.csproj", "{B963427B-2A63-44B4-8552-0AACC7489EE3}"
	ProjectSection(ProjectDependencies) = postProject
		{3596CA8B-0D1D-4517-8266-3FDA50245D2F} = {3596CA8B-0D1D-4517-8266-3FDA50245D2F}
		{1EA71A92-8AA0-43A6-8782-F6299FABD8AE} = {1EA71A92-8AA0-43A6-8782-F6299FABD8AE}
		{69ACE4DB-876F-4F80-BF29-1256C1E88F81} = {69ACE4DB-876F-4F80-BF29-1256C1E88F81}
	EndProjectSection
EndProject
Project("{FAE04EC0-301F-11D3-BF4B-00C04F79EFBC}") = "Entity", "Entity\Entity.csproj", "{3596CA8B-0D1D-4517-8266-3FDA50245D2F}"
EndProject
Project("{FAE04EC0-301F-11D3-BF4B-00C04F79EFBC}") = "BL", "BL\BL.csproj", "{69ACE4DB-876F-4F80-BF29-1256C1E88F81}"
	ProjectSection(ProjectDependencies) = postProject
		{3596CA8B-0D1D-4517-8266-3FDA50245D2F} = {3596CA8B-0D1D-4517-8266-3FDA50245D2F}
		{1EA71A92-8AA0-43A6-8782-F6299FABD8AE} = {1EA71A92-8AA0-43A6-8782-F6299FABD8AE}
	EndProjectSection
EndProject
Project("{FAE04EC0-301F-11D3-BF4B-00C04F79EFBC}") = "DAL", "DAL\DAL.csproj", "{1EA71A92-8AA0-43A6-8782-F6299FABD8AE}"
EndProject
Project("{FAE04EC0-301F-11D3-BF4B-00C04F79EFBC}") = "Test", "Test\Test.csproj", "{587B9EFB-A798-427F-98DA-38455C748395}"
EndProject
Global
	GlobalSection(SolutionConfigurationPlatforms) = preSolution
		Debug|Any CPU = Debug|Any CPU
		Release|Any CPU = Release|Any CPU
	EndGlobalSection
	GlobalSection(ProjectConfigurationPlatforms) = postSolution
		{B963427B-2A63-44B4-8552-0AACC7489EE3}.Debug|Any CPU.ActiveCfg = Debug|Any CPU
		{B963427B-2A63-44B4-8552-0AACC7489EE3}.Debug|Any CPU.Build.0 = Debug|Any CPU
		{B963427B-2A63-44B4-8552-0AACC7489EE3}.Release|Any CPU.ActiveCfg = Release|Any CPU
		{B963427B-2A63-44B4-8552-0AACC7489EE3}.Release|Any CPU.Build.0 = Release|Any CPU
		{3596CA8B-0D1D-4517-8266-3FDA50245D2F}.Debug|Any CPU.ActiveCfg = Debug|Any CPU
		{3596CA8B-0D1D-4517-8266-3FDA50245D2F}.Debug|Any CPU.Build.0 = Debug|Any CPU
		{3596CA8B-0D1D-4517-8266-3FDA50245D2F}.Release|Any CPU.ActiveCfg = Release|Any CPU
		{3596CA8B-0D1D-4517-8266-3FDA50245D2F}.Release|Any CPU.Build.0 = Release|Any CPU
		{69ACE4DB-876F-4F80-BF29-1256C1E88F81}.Debug|Any CPU.ActiveCfg = Debug|Any CPU
		{69ACE4DB-876F-4F80-BF29-1256C1E88F81}.Debug|Any CPU.Build.0 = Debug|Any CPU
		{69ACE4DB-876F-4F80-BF29-1256C1E88F81}.Release|Any CPU.ActiveCfg = Release|Any CPU
		{69ACE4DB-876F-4F80-BF29-1256C1E88F81}.Release|Any CPU.Build.0 = Release|Any CPU
		{1EA71A92-8AA0-43A6-8782-F6299FABD8AE}.Debug|Any CPU.ActiveCfg = Debug|Any CPU
		{1EA71A92-8AA0-43A6-8782-F6299FABD8AE}.Debug|Any CPU.Build.0 = Debug|Any CPU
		{1EA71A92-8AA0-43A6-8782-F6299FABD8AE}.Release|Any CPU.ActiveCfg = Release|Any CPU
		{1EA71A92-8AA0-43A6-8782-F6299FABD8AE}.Release|Any CPU.Build.0 = Release|Any CPU
		{587B9EFB-A798-427F-98DA-38455C748395}.Debug|Any CPU.ActiveCfg = Debug|Any CPU
		{587B9EFB-A798-427F-98DA-38455C748395}.Debug|Any CPU.Build.0 = Debug|Any CPU
		{587B9EFB-A798-427F-98DA-38455C748395}.Release|Any CPU.ActiveCfg = Release|Any CPU
		{587B9EFB-A798-427F-98DA-38455C748395}.Release|Any CPU.Build.0 = Release|Any CPU
	EndGlobalSection
	GlobalSection(SolutionProperties) = preSolution
		HideSolutionNode = FALSE
	EndGlobalSection
	GlobalSection(ExtensibilityGlobals) = postSolution
		SolutionGuid = {8293ACB0-75FA-4B6C-A21A-D1E1054EC8B4}
	EndGlobalSection
EndGlobal
